lockfileVersion: 5.4

specifiers:
  '@types/hast': ^2.3.4
  hast-util-has-property: ^2.0.1
  typescript: ^4.9.4
  unist-util-visit: ^4.1.2

dependencies:
  '@types/hast': 2.3.4
  hast-util-has-property: 2.0.1
  typescript: 4.9.4
  unist-util-visit: 4.1.2

packages:

  /@types/hast/2.3.4:
    resolution: {integrity: sha512-wLEm0QvaoawEDoTRwzTXp4b4jpwiJDvR5KMnFnVodm3scufTlBOWRD6N1OBf9TZMhjlNsSfcO5V+7AF4+Vy+9g==}
    dependencies:
      '@types/unist': 2.0.6
    dev: false

  /@types/unist/2.0.6:
    resolution: {integrity: sha512-PBjIUxZHOuj0R15/xuwJYjFi+KZdNFrehocChv4g5hu6aFroHue8m0lBP0POdK2nKzbw0cgV1mws8+V/JAcEkQ==}
    dev: false

  /hast-util-has-property/2.0.1:
    resolution: {integrity: sha512-X2+RwZIMTMKpXUzlotatPzWj8bspCymtXH3cfG3iQKV+wPF53Vgaqxi/eLqGck0wKq1kS9nvoB1wchbCPEL8sg==}
    dev: false

  /typescript/4.9.4:
    resolution: {integrity: sha512-Uz+dTXYzxXXbsFpM86Wh3dKCxrQqUcVMxwU54orwlJjOpO3ao8L7j5lH+dWfTwgCwIuM9GQ2kvVotzYJMXTBZg==}
    engines: {node: '>=4.2.0'}
    hasBin: true
    dev: false

  /unist-util-is/5.2.0:
    resolution: {integrity: sha512-Glt17jWwZeyqrFqOK0pF1Ded5U3yzJnFr8CG1GMjCWTp9zDo2p+cmD6pWbZU8AgM5WU3IzRv6+rBwhzsGh6hBQ==}
    dev: false

  /unist-util-visit-parents/5.1.3:
    resolution: {integrity: sha512-x6+y8g7wWMyQhL1iZfhIPhDAs7Xwbn9nRosDXl7qoPTSCy0yNxnKc+hWokFifWQIDGi154rdUqKvbCa4+1kLhg==}
    dependencies:
      '@types/unist': 2.0.6
      unist-util-is: 5.2.0
    dev: false

  /unist-util-visit/4.1.2:
    resolution: {integrity: sha512-MSd8OUGISqHdVvfY9TPhyK2VdUrPgxkUtWSuMHF6XAAFuL4LokseigBnZtPnJMu+FbynTkFNnFlyjxpVKujMRg==}
    dependencies:
      '@types/unist': 2.0.6
      unist-util-is: 5.2.0
      unist-util-visit-parents: 5.1.3
    dev: false
